// !$*UTF8*$!
{
	archiveVersion = 1;
	classes = {
	};
	objectVersion = 46;
	objects = {

/* Begin PBXBuildFile section */
		A2CC448E1C028CA900DEC476 /* AppDelegate.swift in Sources */ = {isa = PBXBuildFile; fileRef = A2CC448D1C028CA900DEC476 /* AppDelegate.swift */; };
		A2CC44901C028CA900DEC476 /* ViewController.swift in Sources */ = {isa = PBXBuildFile; fileRef = A2CC448F1C028CA900DEC476 /* ViewController.swift */; };
		A2CC44931C028CA900DEC476 /* Main.storyboard in Resources */ = {isa = PBXBuildFile; fileRef = A2CC44911C028CA900DEC476 /* Main.storyboard */; };
		A2CC44951C028CA900DEC476 /* Assets.xcassets in Resources */ = {isa = PBXBuildFile; fileRef = A2CC44941C028CA900DEC476 /* Assets.xcassets */; };
		A2CC44981C028CA900DEC476 /* LaunchScreen.storyboard in Resources */ = {isa = PBXBuildFile; fileRef = A2CC44961C028CA900DEC476 /* LaunchScreen.storyboard */; };
/* End PBXBuildFile section */

/* Begin PBXFileReference section */
		A2CC448A1C028CA900DEC476 /* Peticiones a Servidor.app */ = {isa = PBXFileReference; explicitFileType = wrapper.application; includeInIndex = 0; path = "Peticiones a Servidor.app"; sourceTree = BUILT_PRODUCTS_DIR; };
		A2CC448D1C028CA900DEC476 /* AppDelegate.swift */ = {isa = PBXFileReference; lastKnownFileType = sourcecode.swift; path = AppDelegate.swift; sourceTree = "<group>"; };
		A2CC448F1C028CA900DEC476 /* ViewController.swift */ = {isa = PBXFileReference; lastKnownFileType = sourcecode.swift; path = ViewController.swift; sourceTree = "<group>"; };
		A2CC44921C028CA900DEC476 /* Base */ = {isa = PBXFileReference; lastKnownFileType = file.storyboard; name = Base; path = Base.lproj/Main.storyboard; sourceTree = "<group>"; };
		A2CC44941C028CA900DEC476 /* Assets.xcassets */ = {isa = PBXFileReference; lastKnownFileType = folder.assetcatalog; path = Assets.xcassets; sourceTree = "<group>"; };
		A2CC44971C028CA900DEC476 /* Base */ = {isa = PBXFileReference; lastKnownFileType = file.storyboard; name = Base; path = Base.lproj/LaunchScreen.storyboard; sourceTree = "<group>"; };
		A2CC44991C028CA900DEC476 /* Info.plist */ = {isa = PBXFileReference; lastKnownFileType = text.plist.xml; path = Info.plist; sourceTree = "<group>"; };
/* End PBXFileReference section */

/* Begin PBXFrameworksBuildPhase section */
		A2CC44871C028CA800DEC476 /* Frameworks */ = {
			isa = PBXFrameworksBuildPhase;
			buildActionMask = 2147483647;
			files = (
			);
			runOnlyForDeploymentPostprocessing = 0;
		};
/* End PBXFrameworksBuildPhase section */

/* Begin PBXGroup section */
		A2CC44811C028CA800DEC476 = {
			isa = PBXGroup;
			children = (
				A2CC448C1C028CA900DEC476 /* Peticiones a Servidor */,
				A2CC448B1C028CA900DEC476 /* Products */,
			);
			sourceTree = "<group>";
		};
		A2CC448B1C028CA900DEC476 /* Products */ = {
			isa = PBXGroup;
			children = (
				A2CC448A1C028CA900DEC476 /* Peticiones a Servidor.app */,
			);
			name = Products;
			sourceTree = "<group>";
		};
		A2CC448C1C028CA900DEC476 /* Peticiones a Servidor */ = {
			isa = PBXGroup;
			children = (
				A2CC448D1C028CA900DEC476 /* AppDelegate.swift */,
				A2CC448F1C028CA900DEC476 /* ViewController.swift */,
				A2CC44911C028CA900DEC476 /* Main.storyboard */,
				A2CC44941C028CA900DEC476 /* Assets.xcassets */,
				A2CC44961C028CA900DEC476 /* LaunchScreen.storyboard */,
				A2CC44991C028CA900DEC476 /* Info.plist */,
			);
			path = "Peticiones a Servidor";
			sourceTree = "<group>";
		};
/* End PBXGroup section */

/* Begin PBXNativeTarget section */
		A2CC44891C028CA800DEC476 /* Peticiones a Servidor */ = {
			isa = PBXNativeTarget;
			buildConfigurationList = A2CC449C1C028CA900DEC476 /* Build configuration list for PBXNativeTarget "Peticiones a Servidor" */;
			buildPhases = (
				A2CC44861C028CA800DEC476 /* Sources */,
				A2CC44871C028CA800DEC476 /* Frameworks */,
				A2CC44881C028CA800DEC476 /* Resources */,
			);
			buildRules = (
			);
			dependencies = (
			);
			name = "Peticiones a Servidor";
			productName = "Peticiones a Servidor";
			productReference = A2CC448A1C028CA900DEC476 /* Peticiones a Servidor.app */;
			productType = "com.apple.product-type.application";
		};
/* End PBXNativeTarget section */

/* Begin PBXProject section */
		A2CC44821C028CA800DEC476 /* Project object */ = {
			isa = PBXProject;
			attributes = {
				LastSwiftUpdateCheck = 0710;
				LastUpgradeCheck = 0710;
				ORGANIZATIONNAME = "Mateo Villagomez";
				TargetAttributes = {
					A2CC44891C028CA800DEC476 = {
						CreatedOnToolsVersion = 7.1.1;
						DevelopmentTeam = 58U777E9MW;
					};
				};
			};
			buildConfigurationList = A2CC44851C028CA800DEC476 /* Build configuration list for PBXProject "Peticiones a Servidor" */;
			compatibilityVersion = "Xcode 3.2";
			developmentRegion = English;
			hasScannedForEncodings = 0;
			knownRegions = (
				en,
				Base,
			);
			mainGroup = A2CC44811C028CA800DEC476;
			productRefGroup = A2CC448B1C028CA900DEC476 /* Products */;
			projectDirPath = "";
			projectRoot = "";
			targets = (
				A2CC44891C028CA800DEC476 /* Peticiones a Servidor */,
			);
		};
/* End PBXProject section */

/* Begin PBXResourcesBuildPhase section */
		A2CC44881C028CA800DEC476 /* Resources */ = {
			isa = PBXResourcesBuildPhase;
			buildActionMask = 2147483647;
			files = (
				A2CC44981C028CA900DEC476 /* LaunchScreen.storyboard in Resources */,
				A2CC44951C028CA900DEC476 /* Assets.xcassets in Resources */,
				A2CC44931C028CA900DEC476 /* Main.storyboard in Resources */,
			);
			runOnlyForDeploymentPostprocessing = 0;
		};
/* End PBXResourcesBuildPhase section */

/* Begin PBXSourcesBuildPhase section */
		A2CC44861C028CA800DEC476 /* Sources */ = {
			isa = PBXSourcesBuildPhase;
			buildActionMask = 2147483647;
			files = (
				A2CC44901C028CA900DEC476 /* ViewController.swift in Sources */,
				A2CC448E1C028CA900DEC476 /* AppDelegate.swift in Sources */,
			);
			runOnlyForDeploymentPostprocessing = 0;
		};
/* End PBXSourcesBuildPhase section */

/* Begin PBXVariantGroup section */
		A2CC44911C028CA900DEC476 /* Main.storyboard */ = {
			isa = PBXVariantGroup;
			children = (
				A2CC44921C028CA900DEC476 /* Base */,
			);
			name = Main.storyboard;
			sourceTree = "<group>";
		};
		A2CC44961C028CA900DEC476 /* LaunchScreen.storyboard */ = {
			isa = PBXVariantGroup;
			children = (
				A2CC44971C028CA900DEC476 /* Base */,
			);
			name = LaunchScreen.storyboard;
			sourceTree = "<group>";
		};
/* End PBXVariantGroup section */

/* Begin XCBuildConfiguration section */
		A2CC449A1C028CA900DEC476 /* Debug */ = {
			isa = XCBuildConfiguration;
			buildSettings = {
				ALWAYS_SEARCH_USER_PATHS = NO;
				CLANG_CXX_LANGUAGE_STANDARD = "gnu++0x";
				CLANG_CXX_LIBRARY = "libc++";
				CLANG_ENABLE_MODULES = YES;
				CLANG_ENABLE_OBJC_ARC = YES;
				CLANG_WARN_BOOL_CONVERSION = YES;
				CLANG_WARN_CONSTANT_CONVERSION = YES;
				CLANG_WARN_DIRECT_OBJC_ISA_USAGE = YES_ERROR;
				CLANG_WARN_EMPTY_BODY = YES;
				CLANG_WARN_ENUM_CONVERSION = YES;
				CLANG_WARN_INT_CONVERSION = YES;
				CLANG_WARN_OBJC_ROOT_CLASS = YES_ERROR;
				CLANG_WARN_UNREACHABLE_CODE = YES;
				CLANG_WARN__DUPLICATE_METHOD_MATCH = YES;
				"CODE_SIGN_IDENTITY[sdk=iphoneos*]" = "iPhone Developer";
				COPY_PHASE_STRIP = NO;
				DEBUG_INFORMATION_FORMAT = dwarf;
				ENABLE_STRICT_OBJC_MSGSEND = YES;
				ENABLE_TESTABILITY = YES;
				GCC_C_LANGUAGE_STANDARD = gnu99;
				GCC_DYNAMIC_NO_PIC = NO;
				GCC_NO_COMMON_BLOCKS = YES;
				GCC_OPTIMIZATION_LEVEL = 0;
				GCC_PREPROCESSOR_DEFINITIONS = (
					"DEBUG=1",
					"$(inherited)",
				);
				GCC_WARN_64_TO_32_BIT_CONVERSION = YES;
				GCC_WARN_ABOUT_RETURN_TYPE = YES_ERROR;
				GCC_WARN_UNDECLARED_SELECTOR = YES;
				GCC_WARN_UNINITIALIZED_AUTOS = YES_AGGRESSIVE;
				GCC_WARN_UNUSED_FUNCTION = YES;
				GCC_WARN_UNUSED_VARIABLE = YES;
				IPHONEOS_DEPLOYMENT_TARGET = 9.1;
				MTL_ENABLE_DEBUG_INFO = YES;
				ONLY_ACTIVE_ARCH = YES;
				SDKROOT = iphoneos;
				SWIFT_OPTIMIZATION_LEVEL = "-Onone";
				TARGETED_DEVICE_FAMILY = "1,2";
			};
			name = Debug;
		};
		A2CC449B1C028CA900DEC476 /* Release */ = {
			isa = XCBuildConfiguration;
			buildSettings = {
				ALWAYS_SEARCH_USER_PATHS = NO;
				CLANG_CXX_LANGUAGE_STANDARD = "gnu++0x";
				CLANG_CXX_LIBRARY = "libc++";
				CLANG_ENABLE_MODULES = YES;
				CLANG_ENABLE_OBJC_ARC = YES;
				CLANG_WARN_BOOL_CONVERSION = YES;
				CLANG_WARN_CONSTANT_CONVERSION = YES;
				CLANG_WARN_DIRECT_OBJC_ISA_USAGE = YES_ERROR;
				CLANG_WARN_EMPTY_BODY = YES;
				CLANG_WARN_ENUM_CONVERSION = YES;
				CLANG_WARN_INT_CONVERSION = YES;
				CLANG_WARN_OBJC_ROOT_CLASS = YES_ERROR;
				CLANG_WARN_UNREACHABLE_CODE = YES;
				CLANG_WARN__DUPLICATE_METHOD_MATCH = YES;
				"CODE_SIGN_IDENTITY[sdk=iphoneos*]" = "iPhone Developer";
				COPY_PHASE_STRIP = NO;
				DEBUG_INFORMATION_FORMAT = "dwarf-with-dsym";
				ENABLE_NS_ASSERTIONS = NO;
				ENABLE_STRICT_OBJC_MSGSEND = YES;
				GCC_C_LANGUAGE_STANDARD = gnu99;
				GCC_NO_COMMON_BLOCKS = YES;
				GCC_WARN_64_TO_32_BIT_CONVERSION = YES;
				GCC_WARN_ABOUT_RETURN_TYPE = YES_ERROR;
				GCC_WARN_UNDECLARED_SELECTOR = YES;
				GCC_WARN_UNINITIALIZED_AUTOS = YES_AGGRESSIVE;
				GCC_WARN_UNUSED_FUNCTION = YES;
				GCC_WARN_UNUSED_VARIABLE = YES;
				IPHONEOS_DEPLOYMENT_TARGET = 9.1;
				MTL_ENABLE_DEBUG_INFO = NO;
				SDKROOT = iphoneos;
				TARGETED_DEVICE_FAMILY = "1,2";
				VALIDATE_PRODUCT = YES;
			};
			name = Release;
		};
		A2CC449D1C028CA900DEC476 /* Debug */ = {
			isa = XCBuildConfiguration;
			buildSettings = {
				ASSETCATALOG_COMPILER_APPICON_NAME = AppIcon;
				INFOPLIST_FILE = "Peticiones a Servidor/Info.plist";
				LD_RUNPATH_SEARCH_PATHS = "$(inherited) @executable_path/Frameworks";
				PRODUCT_BUNDLE_IDENTIFIER = "Maniaccs.Peticiones-a-Servidor";
				PRODUCT_NAME = "$(TARGET_NAME)";
			};
			name = Debug;
		};
		A2CC449E1C028CA900DEC476 /* Release */ = {
			isa = XCBuildConfiguration;
			buildSettings = {
				ASSETCATALOG_COMPILER_APPICON_NAME = AppIcon;
				INFOPLIST_FILE = "Peticiones a Servidor/Info.plist";
				LD_RUNPATH_SEARCH_PATHS = "$(inherited) @executable_path/Frameworks";
				PRODUCT_BUNDLE_IDENTIFIER = "Maniaccs.Peticiones-a-Servidor";
				PRODUCT_NAME = "$(TARGET_NAME)";
			};
			name = Release;
		};
/* End XCBuildConfiguration section */

/* Begin XCConfigurationList section */
		A2CC44851C028CA800DEC476 /* Build configuration list for PBXProject "Peticiones a Servidor" */ = {
			isa = XCConfigurationList;
			buildConfigurations = (
				A2CC449A1C028CA900DEC476 /* Debug */,
				A2CC449B1C028CA900DEC476 /* Release */,
			);
			defaultConfigurationIsVisible = 0;
			defaultConfigurationName = Release;
		};
		A2CC449C1C028CA900DEC476 /* Build configuration list for PBXNativeTarget "Peticiones a Servidor" */ = {
			isa = XCConfigurationList;
			buildConfigurations = (
				A2CC449D1C028CA900DEC476 /* Debug */,
				A2CC449E1C028CA900DEC476 /* Release */,
			);
			defaultConfigurationIsVisible = 0;
		};
/* End XCConfigurationList section */
	};
	rootObject = A2CC44821C028CA800DEC476 /* Project object */;
}
